{
  "version": 4,
  "terraform_version": "1.0.9",
  "serial": 138,
  "lineage": "51e02597-ac1e-bd1f-c8e6-fd4873d30824",
  "outputs": {
    "kubernetes_cluster_host": {
      "value": "34.135.59.120",
      "type": "string"
    },
    "kubernetes_cluster_name": {
      "value": "airflow-gke-data-bootcamp",
      "type": "string"
    },
    "location": {
      "value": "us-central1-a",
      "type": "string"
    },
    "project_id": {
      "value": "gcp-terraform-pf",
      "type": "string"
    },
    "region": {
      "value": "us-central1",
      "type": "string"
    }
  },
  "resources": [
    {
      "module": "module.cloudsql",
      "mode": "managed",
      "type": "google_sql_database",
      "name": "database",
      "provider": "provider[\"registry.terraform.io/hashicorp/google\"]",
      "instances": [
        {
          "schema_version": 0,
          "attributes": {
            "charset": "UTF8",
            "collation": "en_US.UTF8",
            "id": "projects/gcp-terraform-pf/instances/data-bootcamp-pf2/databases/airflow_pf",
            "instance": "data-bootcamp-pf2",
            "name": "airflow_pf",
            "project": "gcp-terraform-pf",
            "self_link": "https://sqladmin.googleapis.com/sql/v1beta4/projects/gcp-terraform-pf/instances/data-bootcamp-pf2/databases/airflow_pf",
            "timeouts": null
          },
          "sensitive_attributes": [],
          "private": "eyJlMmJmYjczMC1lY2FhLTExZTYtOGY4OC0zNDM2M2JjN2M0YzAiOnsiY3JlYXRlIjo5MDAwMDAwMDAwMDAsImRlbGV0ZSI6NjAwMDAwMDAwMDAwLCJ1cGRhdGUiOjYwMDAwMDAwMDAwMH19",
          "dependencies": [
            "module.cloudsql.google_sql_database_instance.sql_instance"
          ]
        }
      ]
    },
    {
      "module": "module.cloudsql",
      "mode": "managed",
      "type": "google_sql_database_instance",
      "name": "sql_instance",
      "provider": "provider[\"registry.terraform.io/hashicorp/google\"]",
      "instances": [
        {
          "schema_version": 0,
          "attributes": {
            "clone": [],
            "connection_name": "gcp-terraform-pf:us-central1:data-bootcamp-pf2",
            "database_version": "POSTGRES_12",
            "deletion_protection": false,
            "first_ip_address": "34.69.141.47",
            "id": "data-bootcamp-pf2",
            "ip_address": [
              {
                "ip_address": "34.69.141.47",
                "time_to_retire": "",
                "type": "PRIMARY"
              },
              {
                "ip_address": "34.68.38.183",
                "time_to_retire": "",
                "type": "OUTGOING"
              }
            ],
            "master_instance_name": "",
            "name": "data-bootcamp-pf2",
            "private_ip_address": "",
            "project": "gcp-terraform-pf",
            "public_ip_address": "34.69.141.47",
            "region": "us-central1",
            "replica_configuration": [],
            "restore_backup_context": [],
            "root_password": null,
            "self_link": "https://sqladmin.googleapis.com/sql/v1beta4/projects/gcp-terraform-pf/instances/data-bootcamp-pf2",
            "server_ca_cert": [
              {
                "cert": "-----BEGIN CERTIFICATE-----\nMIIDfzCCAmegAwIBAgIBADANBgkqhkiG9w0BAQsFADB3MS0wKwYDVQQuEyQyZWMy\nYzg0Ny03YWYxLTQ5MDUtYTc2NC1mYmI2MTVkOGQyZjMxIzAhBgNVBAMTGkdvb2ds\nZSBDbG91ZCBTUUwgU2VydmVyIENBMRQwEgYDVQQKEwtHb29nbGUsIEluYzELMAkG\nA1UEBhMCVVMwHhcNMjExMTExMjE0MDU5WhcNMzExMTA5MjE0MTU5WjB3MS0wKwYD\nVQQuEyQyZWMyYzg0Ny03YWYxLTQ5MDUtYTc2NC1mYmI2MTVkOGQyZjMxIzAhBgNV\nBAMTGkdvb2dsZSBDbG91ZCBTUUwgU2VydmVyIENBMRQwEgYDVQQKEwtHb29nbGUs\nIEluYzELMAkGA1UEBhMCVVMwggEiMA0GCSqGSIb3DQEBAQUAA4IBDwAwggEKAoIB\nAQCZc6uSX4sO9sQdaQRy8v+t8ex3/TltbPPN/+rb8p6rbbpZGo7s9dQ2phG+p1mk\n//2mreuB3XruHmIhw4qUbcot+D+YUK8AlymDsu2NSmlkHEcLAM227uY9YLoQUJpN\nYQ+Qndzo13veMEOhDhmNlXg9uuEMAw0wwB47tOkwtgdsHy8TqvqB5b8S2strJxXL\nZ2AXps+bjuOk7IiZvwGLfu00uAKj512S7w/QtEuQCtboQ89wuXTWT9kGFsf6pW88\n21NzpqENxz8Rz9EBpvDw6JAM7Z2ELjJTLfztiZHUz6HGzcfJNjIuBApE0PxDZBMV\ng5bEjSO2qwXtZbdv2BHaUA1jAgMBAAGjFjAUMBIGA1UdEwEB/wQIMAYBAf8CAQAw\nDQYJKoZIhvcNAQELBQADggEBAJlyFFIbLWDKp89jhhYxHoSWZPH/kXq8NSn1VRNY\nTcicEaSfaEba/Z2jtn7T9MakDZdWqRMIcJlUDIz9ucCFBjpSRl8nzpoBobhQcRU7\nxAkeWZkudvqpBzvsJ0J0YoAuHTqs9L6+ud6oIyocLBYP6gXobYS3Zv8E8YzyZFyh\nbRlQ2ms4YA3Eun8qgrbmOiVbggPDZ2M3l5Sbi32HFCU/PC8XuK3mHe4W5uILjPxU\nOW6/nIWN57kOXKfI/fgEct85OyVbd4+E+6XcILR0aXfa9u+WN5uDQACUnpnzaR0Z\nR2j5niYCHYZJH7QTkp1Oh9CLdgu/GhCq0Ff9Wy2BZqtlExM=\n-----END CERTIFICATE-----",
                "common_name": "C=US,O=Google\\, Inc,CN=Google Cloud SQL Server CA,dnQualifier=2ec2c847-7af1-4905-a764-fbb615d8d2f3",
                "create_time": "2021-11-11T21:40:59.973Z",
                "expiration_time": "2031-11-09T21:41:59.973Z",
                "sha1_fingerprint": "25bad926def7bf88cf7d0a9fa9fc5ca7e3ab6d77"
              }
            ],
            "service_account_email_address": "p388500312498-9xvuhs@gcp-sa-cloud-sql.iam.gserviceaccount.com",
            "settings": [
              {
                "activation_policy": "ALWAYS",
                "authorized_gae_applications": [],
                "availability_type": "ZONAL",
                "backup_configuration": [
                  {
                    "backup_retention_settings": [
                      {
                        "retained_backups": 7,
                        "retention_unit": "COUNT"
                      }
                    ],
                    "binary_log_enabled": false,
                    "enabled": false,
                    "location": "",
                    "point_in_time_recovery_enabled": false,
                    "start_time": "00:00",
                    "transaction_log_retention_days": 7
                  }
                ],
                "crash_safe_replication": false,
                "database_flags": [],
                "disk_autoresize": true,
                "disk_autoresize_limit": 0,
                "disk_size": 10,
                "disk_type": "PD_SSD",
                "insights_config": [],
                "ip_configuration": [
                  {
                    "authorized_networks": [
                      {
                        "expiration_time": null,
                        "name": "test-cluster",
                        "value": "0.0.0.0/0"
                      }
                    ],
                    "ipv4_enabled": true,
                    "private_network": "",
                    "require_ssl": false
                  }
                ],
                "location_preference": [
                  {
                    "follow_gae_application": "",
                    "zone": "us-central1-a"
                  }
                ],
                "maintenance_window": [],
                "pricing_plan": "PER_USE",
                "replication_type": "SYNCHRONOUS",
                "tier": "db-f1-micro",
                "user_labels": {},
                "version": 12
              }
            ],
            "timeouts": null
          },
          "sensitive_attributes": [],
          "private": "eyJlMmJmYjczMC1lY2FhLTExZTYtOGY4OC0zNDM2M2JjN2M0YzAiOnsiY3JlYXRlIjoxODAwMDAwMDAwMDAwLCJkZWxldGUiOjE4MDAwMDAwMDAwMDAsInVwZGF0ZSI6MTgwMDAwMDAwMDAwMH19"
        }
      ]
    },
    {
      "module": "module.cloudsql",
      "mode": "managed",
      "type": "google_sql_user",
      "name": "users",
      "provider": "provider[\"registry.terraform.io/hashicorp/google\"]",
      "instances": [
        {
          "schema_version": 1,
          "attributes": {
            "deletion_policy": null,
            "host": "",
            "id": "de_pf//data-bootcamp-pf2",
            "instance": "data-bootcamp-pf2",
            "name": "de_pf",
            "password": "1220139",
            "project": "gcp-terraform-pf",
            "timeouts": null,
            "type": ""
          },
          "sensitive_attributes": [],
          "private": "eyJlMmJmYjczMC1lY2FhLTExZTYtOGY4OC0zNDM2M2JjN2M0YzAiOnsiY3JlYXRlIjo2MDAwMDAwMDAwMDAsImRlbGV0ZSI6NjAwMDAwMDAwMDAwLCJ1cGRhdGUiOjYwMDAwMDAwMDAwMH0sInNjaGVtYV92ZXJzaW9uIjoiMSJ9",
          "dependencies": [
            "module.cloudsql.google_sql_database_instance.sql_instance"
          ]
        }
      ]
    },
    {
      "module": "module.gke",
      "mode": "managed",
      "type": "google_container_cluster",
      "name": "primary",
      "provider": "provider[\"registry.terraform.io/hashicorp/google\"]",
      "instances": [
        {
          "schema_version": 1,
          "attributes": {
            "addons_config": [
              {
                "cloudrun_config": [],
                "horizontal_pod_autoscaling": [],
                "http_load_balancing": [],
                "network_policy_config": [
                  {
                    "disabled": true
                  }
                ]
              }
            ],
            "authenticator_groups_config": [],
            "cluster_autoscaling": [
              {
                "auto_provisioning_defaults": [],
                "enabled": false,
                "resource_limits": []
              }
            ],
            "cluster_ipv4_cidr": "10.4.0.0/14",
            "database_encryption": [
              {
                "key_name": "",
                "state": "DECRYPTED"
              }
            ],
            "datapath_provider": "",
            "default_max_pods_per_node": null,
            "default_snat_status": [
              {
                "disabled": false
              }
            ],
            "description": "",
            "enable_autopilot": false,
            "enable_binary_authorization": false,
            "enable_intranode_visibility": false,
            "enable_kubernetes_alpha": false,
            "enable_legacy_abac": false,
            "enable_shielded_nodes": false,
            "enable_tpu": false,
            "endpoint": "34.135.59.120",
            "id": "projects/gcp-terraform-pf/locations/us-central1-a/clusters/airflow-gke-data-bootcamp",
            "initial_node_count": 1,
            "instance_group_urls": [
              "https://www.googleapis.com/compute/v1/projects/gcp-terraform-pf/zones/us-central1-a/instanceGroups/gke-airflow-gke-data-airflow-gke-data-fc6b16dd-grp"
            ],
            "ip_allocation_policy": [],
            "label_fingerprint": "a9dc16a7",
            "location": "us-central1-a",
            "logging_service": "logging.googleapis.com/kubernetes",
            "maintenance_policy": [],
            "master_auth": [
              {
                "client_certificate": "",
                "client_certificate_config": [
                  {
                    "issue_client_certificate": false
                  }
                ],
                "client_key": "",
                "cluster_ca_certificate": "LS0tLS1CRUdJTiBDRVJUSUZJQ0FURS0tLS0tCk1JSUVMRENDQXBTZ0F3SUJBZ0lRSXoxMG9zdUxHSFJ3NThtZ3MxYjNpVEFOQmdrcWhraUc5dzBCQVFzRkFEQXYKTVMwd0t3WURWUVFERXlReE9EVTFZek00T0Mwd016azFMVFJoWXpVdFlUUmxNaTFsTURnME16UmxObVV5WXpBdwpJQmNOTWpFeE1URXhNakF5TlRVeldoZ1BNakExTVRFeE1EUXlNVEkxTlROYU1DOHhMVEFyQmdOVkJBTVRKREU0Ck5UVmpNemc0TFRBek9UVXROR0ZqTlMxaE5HVXlMV1V3T0RRek5HVTJaVEpqTURDQ0FhSXdEUVlKS29aSWh2Y04KQVFFQkJRQURnZ0dQQURDQ0FZb0NnZ0dCQUt5Q2RZTStLNHlQZnRNYjhpNTlRdDh6QlpmMHJHVXdPQTd4V1llKwpNUTZLalZXVWRISUlMSy9RY0NCM1hhQ0FZU05ZNjNSR2lXNEVxbWhHYVhsdjAzcGg5KzA5R05nampYdjVnQ1hZCngrOWZud3lWdzI1b1VoakJUTzI2dW5kVWx0MWorbHhudWtZd0l0WExXbTVGQ0c4Yk9GUFo0VTFvQmtWQ2E0U3MKSEIyZjZQcTN3L2ZlUkRremxTK2wrVkZWeXNGdS9GUGcrRmlmVW83RWMzODc1QitPYld2eHRWMHM3V05vait6eApPa25mRWU4S2k4T1NxSnhwTlZzbUFMei9CS25RcVc2Y3UwZnhlL09VdjhjSG1NNVo4UCtTcjFjUng0VE1OOEhQCkFNOXU4WU40RldXZkFMWE4yeWtVSklQc3ZEQk0vQnpHWDFCUUVtbFB2Q3FGdzc4NmszTmpWazJLU3RHOVpXeU0KNTA4U2tGUmZpV2hFVHltTHp5MjJCYUZsY0F5RzczVTZDRXVyMFVlTEVnbitCdFoxMVpxb0R6U3Q5QitvdXlTUworVXFuWHFaUnprZ2ZqZHZrTlFxMXYzbmN2aGk3S1FIUlVRVUxwMm9NbEhqd0YrcHE1SHJtYW02amUyOTJUK0R3ClA2SnFYN0RZK015b2hIOFV3YktXMEpxRHp3SURBUUFCbzBJd1FEQU9CZ05WSFE4QkFmOEVCQU1DQWdRd0R3WUQKVlIwVEFRSC9CQVV3QXdFQi96QWRCZ05WSFE0RUZnUVVScDQyR0JPTlVDZmlUTDU2ek8xYXZoZFVZVVV3RFFZSgpLb1pJaHZjTkFRRUxCUUFEZ2dHQkFCaG5TTmV6YTFZWWg3WUNlK1hZRTE0MFl5UTlQb1MrQTN4NHE5SUFvTERMCmo1ZGtIUEk1QjlTbkdFaU1BdDNKM3BMRWxGdVZocTMzREwxb3o3U2lGK0ZUTmlwSlZvU1VuVVZkNTE1VUJJSVoKSFNsZjR5Q0xkRkhaK2o2Q3U4UEk2d1RZbGMvckVLdlNiNlNSanl2R1E5SUd1Sm9uaEoxTEQ5a2pWN2hvRk80TAptUnU5S3QxOTFMdHc2eCt6aXN1WHVaZjIwYSsyNXBKZC81bUVjMkJpeHg1bklOcThNM2F6TkdHVFZTVUlsUW0wCmVqTldEVG1PbzBCT3M1N0I1NFErdXlCRUtvaVd5YW5jdnpUVTZNVDVwQ3RXS04zalpES21tWUlETjlxRDVXQWMKdnNKWThjMzhtVTF0MUJiSTUyMStubzZFbkdUQ2FmWUxFMGVmSEpJRytlbHh4VU0vaURpdUJhcXhUWW5XU05Bbwo2TU5Qa1dUSkg3UHhZOTF2TjgrdUFHRWdyU2xxU01RZzRJU2FxazRhYjV2MmJiMW4wRzZ6bXdpUXMxRTlyNkRkCklzUEJVbzhpOVpLaU05YkZvT3NONllpY205TnJET1FlNUNISjNsL0RIMW13SnF3WnRtNUpSUEQ5aFZOb3FvZ1cKUUxDOEw3bDM2SlRoMXN0YUZvN0FIdz09Ci0tLS0tRU5EIENFUlRJRklDQVRFLS0tLS0K",
                "password": "",
                "username": ""
              }
            ],
            "master_authorized_networks_config": [],
            "master_version": "1.20.10-gke.1600",
            "min_master_version": null,
            "monitoring_service": "monitoring.googleapis.com/kubernetes",
            "name": "airflow-gke-data-bootcamp",
            "network": "projects/gcp-terraform-pf/global/networks/gcp-terraform-pf-vpc",
            "network_policy": [
              {
                "enabled": false,
                "provider": "PROVIDER_UNSPECIFIED"
              }
            ],
            "networking_mode": "ROUTES",
            "node_config": [
              {
                "disk_size_gb": 100,
                "disk_type": "pd-standard",
                "guest_accelerator": [],
                "image_type": "COS_CONTAINERD",
                "labels": {
                  "env": "gcp-terraform-pf"
                },
                "local_ssd_count": 0,
                "machine_type": "n1-standard-1",
                "metadata": {
                  "disable-legacy-endpoints": "true"
                },
                "min_cpu_platform": "",
                "oauth_scopes": [
                  "https://www.googleapis.com/auth/logging.write",
                  "https://www.googleapis.com/auth/monitoring"
                ],
                "preemptible": false,
                "service_account": "default",
                "shielded_instance_config": [
                  {
                    "enable_integrity_monitoring": true,
                    "enable_secure_boot": false
                  }
                ],
                "tags": [
                  "gke-node",
                  "gcp-terraform-pf-gke"
                ],
                "taint": [],
                "workload_metadata_config": []
              }
            ],
            "node_locations": [],
            "node_pool": [
              {
                "autoscaling": [],
                "initial_node_count": 2,
                "instance_group_urls": [
                  "https://www.googleapis.com/compute/v1/projects/gcp-terraform-pf/zones/us-central1-a/instanceGroupManagers/gke-airflow-gke-data-airflow-gke-data-fc6b16dd-grp"
                ],
                "management": [
                  {
                    "auto_repair": true,
                    "auto_upgrade": true
                  }
                ],
                "max_pods_per_node": 0,
                "name": "airflow-gke-data-bootcamp-node-pool",
                "name_prefix": "",
                "node_config": [
                  {
                    "disk_size_gb": 100,
                    "disk_type": "pd-standard",
                    "guest_accelerator": [],
                    "image_type": "COS_CONTAINERD",
                    "labels": {
                      "env": "gcp-terraform-pf"
                    },
                    "local_ssd_count": 0,
                    "machine_type": "n1-standard-1",
                    "metadata": {
                      "disable-legacy-endpoints": "true"
                    },
                    "min_cpu_platform": "",
                    "oauth_scopes": [
                      "https://www.googleapis.com/auth/logging.write",
                      "https://www.googleapis.com/auth/monitoring"
                    ],
                    "preemptible": false,
                    "service_account": "default",
                    "shielded_instance_config": [
                      {
                        "enable_integrity_monitoring": true,
                        "enable_secure_boot": false
                      }
                    ],
                    "tags": [
                      "gke-node",
                      "gcp-terraform-pf-gke"
                    ],
                    "taint": [],
                    "workload_metadata_config": []
                  }
                ],
                "node_count": 2,
                "node_locations": [
                  "us-central1-a"
                ],
                "upgrade_settings": [
                  {
                    "max_surge": 1,
                    "max_unavailable": 0
                  }
                ],
                "version": "1.20.10-gke.1600"
              }
            ],
            "node_version": "1.20.10-gke.1600",
            "operation": null,
            "pod_security_policy_config": [],
            "private_cluster_config": [],
            "private_ipv6_google_access": "",
            "project": "gcp-terraform-pf",
            "release_channel": [
              {
                "channel": "REGULAR"
              }
            ],
            "remove_default_node_pool": true,
            "resource_labels": {},
            "resource_usage_export_config": [],
            "self_link": "https://container.googleapis.com/v1beta1/projects/gcp-terraform-pf/zones/us-central1-a/clusters/airflow-gke-data-bootcamp",
            "services_ipv4_cidr": "10.7.240.0/20",
            "subnetwork": "projects/gcp-terraform-pf/regions/us-central1/subnetworks/private-0-private-subnet",
            "timeouts": null,
            "tpu_ipv4_cidr_block": "",
            "vertical_pod_autoscaling": [],
            "workload_identity_config": []
          },
          "sensitive_attributes": [],
          "private": "eyJlMmJmYjczMC1lY2FhLTExZTYtOGY4OC0zNDM2M2JjN2M0YzAiOnsiY3JlYXRlIjoyNDAwMDAwMDAwMDAwLCJkZWxldGUiOjI0MDAwMDAwMDAwMDAsInJlYWQiOjI0MDAwMDAwMDAwMDAsInVwZGF0ZSI6MzYwMDAwMDAwMDAwMH0sInNjaGVtYV92ZXJzaW9uIjoiMSJ9",
          "dependencies": [
            "module.vpc.google_compute_network.main-vpc",
            "module.vpc.google_compute_subnetwork.private_subnets"
          ]
        }
      ]
    },
    {
      "module": "module.gke",
      "mode": "managed",
      "type": "google_container_node_pool",
      "name": "primary_nodes",
      "provider": "provider[\"registry.terraform.io/hashicorp/google\"]",
      "instances": [
        {
          "schema_version": 1,
          "attributes": {
            "autoscaling": [],
            "cluster": "airflow-gke-data-bootcamp",
            "id": "projects/gcp-terraform-pf/locations/us-central1-a/clusters/airflow-gke-data-bootcamp/nodePools/airflow-gke-data-bootcamp-node-pool",
            "initial_node_count": 2,
            "instance_group_urls": [
              "https://www.googleapis.com/compute/v1/projects/gcp-terraform-pf/zones/us-central1-a/instanceGroupManagers/gke-airflow-gke-data-airflow-gke-data-fc6b16dd-grp"
            ],
            "location": "us-central1-a",
            "management": [
              {
                "auto_repair": true,
                "auto_upgrade": true
              }
            ],
            "max_pods_per_node": null,
            "name": "airflow-gke-data-bootcamp-node-pool",
            "name_prefix": "",
            "node_config": [
              {
                "disk_size_gb": 100,
                "disk_type": "pd-standard",
                "guest_accelerator": [],
                "image_type": "COS_CONTAINERD",
                "labels": {
                  "env": "gcp-terraform-pf"
                },
                "local_ssd_count": 0,
                "machine_type": "n1-standard-1",
                "metadata": {
                  "disable-legacy-endpoints": "true"
                },
                "min_cpu_platform": "",
                "oauth_scopes": [
                  "https://www.googleapis.com/auth/logging.write",
                  "https://www.googleapis.com/auth/monitoring"
                ],
                "preemptible": false,
                "service_account": "default",
                "shielded_instance_config": [
                  {
                    "enable_integrity_monitoring": true,
                    "enable_secure_boot": false
                  }
                ],
                "tags": [
                  "gke-node",
                  "gcp-terraform-pf-gke"
                ],
                "taint": [],
                "workload_metadata_config": []
              }
            ],
            "node_count": 2,
            "node_locations": [
              "us-central1-a"
            ],
            "operation": null,
            "project": "gcp-terraform-pf",
            "timeouts": null,
            "upgrade_settings": [
              {
                "max_surge": 1,
                "max_unavailable": 0
              }
            ],
            "version": "1.20.10-gke.1600"
          },
          "sensitive_attributes": [],
          "private": "eyJlMmJmYjczMC1lY2FhLTExZTYtOGY4OC0zNDM2M2JjN2M0YzAiOnsiY3JlYXRlIjoxODAwMDAwMDAwMDAwLCJkZWxldGUiOjE4MDAwMDAwMDAwMDAsInVwZGF0ZSI6MTgwMDAwMDAwMDAwMH0sInNjaGVtYV92ZXJzaW9uIjoiMSJ9",
          "dependencies": [
            "module.gke.google_container_cluster.primary",
            "module.vpc.google_compute_network.main-vpc",
            "module.vpc.google_compute_subnetwork.private_subnets"
          ]
        }
      ]
    },
    {
      "module": "module.raw-bucket",
      "mode": "managed",
      "type": "google_storage_bucket",
      "name": "raw_bucket",
      "provider": "provider[\"registry.terraform.io/hashicorp/google\"]",
      "instances": [
        {
          "schema_version": 0,
          "attributes": {
            "bucket_policy_only": false,
            "cors": [],
            "default_event_based_hold": false,
            "encryption": [],
            "force_destroy": true,
            "id": "db-raw-bucket-pf",
            "labels": null,
            "lifecycle_rule": [],
            "location": "US-CENTRAL1",
            "logging": [],
            "name": "db-raw-bucket-pf",
            "project": "gcp-terraform-pf",
            "requester_pays": false,
            "retention_policy": [],
            "self_link": "https://www.googleapis.com/storage/v1/b/db-raw-bucket-pf",
            "storage_class": "STANDARD",
            "uniform_bucket_level_access": false,
            "url": "gs://db-raw-bucket-pf",
            "versioning": [],
            "website": []
          },
          "sensitive_attributes": [],
          "private": "bnVsbA=="
        }
      ]
    },
    {
      "module": "module.raw-bucket",
      "mode": "managed",
      "type": "google_storage_bucket_iam_member",
      "name": "bucket_creator",
      "provider": "provider[\"registry.terraform.io/hashicorp/google\"]",
      "instances": [
        {
          "schema_version": 0,
          "attributes": {
            "bucket": "b/db-raw-bucket-pf",
            "condition": [],
            "etag": "CAI=",
            "id": "b/db-raw-bucket-pf/roles/storage.objectAdmin/serviceAccount:airflow-pf@gcp-terraform-pf.iam.gserviceaccount.com",
            "member": "serviceAccount:airflow-pf@gcp-terraform-pf.iam.gserviceaccount.com",
            "role": "roles/storage.objectAdmin"
          },
          "sensitive_attributes": [],
          "private": "bnVsbA==",
          "dependencies": [
            "module.raw-bucket.google_storage_bucket.raw_bucket"
          ]
        }
      ]
    },
    {
      "module": "module.service-account",
      "mode": "managed",
      "type": "google_project_iam_member",
      "name": "service_account_bucket",
      "provider": "provider[\"registry.terraform.io/hashicorp/google\"]",
      "instances": [
        {
          "schema_version": 0,
          "attributes": {
            "condition": [],
            "etag": "BwXRUKmeU2I=",
            "id": "gcp-terraform-pf/roles/storage.objectAdmin/serviceAccount:airflow-pf@gcp-terraform-pf.iam.gserviceaccount.com",
            "member": "serviceAccount:airflow-pf@gcp-terraform-pf.iam.gserviceaccount.com",
            "project": "gcp-terraform-pf",
            "role": "roles/storage.objectAdmin"
          },
          "sensitive_attributes": [],
          "private": "bnVsbA==",
          "dependencies": [
            "module.service-account.google_service_account.airflow-pf"
          ]
        }
      ]
    },
    {
      "module": "module.service-account",
      "mode": "managed",
      "type": "google_service_account",
      "name": "airflow-pf",
      "provider": "provider[\"registry.terraform.io/hashicorp/google\"]",
      "instances": [
        {
          "schema_version": 0,
          "attributes": {
            "account_id": "airflow-pf",
            "description": "",
            "display_name": "airflow-pf",
            "email": "airflow-pf@gcp-terraform-pf.iam.gserviceaccount.com",
            "id": "projects/gcp-terraform-pf/serviceAccounts/airflow-pf@gcp-terraform-pf.iam.gserviceaccount.com",
            "name": "projects/gcp-terraform-pf/serviceAccounts/airflow-pf@gcp-terraform-pf.iam.gserviceaccount.com",
            "project": "gcp-terraform-pf",
            "timeouts": null,
            "unique_id": "104083384370157609878"
          },
          "sensitive_attributes": [],
          "private": "eyJlMmJmYjczMC1lY2FhLTExZTYtOGY4OC0zNDM2M2JjN2M0YzAiOnsiY3JlYXRlIjozMDAwMDAwMDAwMDB9fQ=="
        }
      ]
    },
    {
      "module": "module.staging-bucket",
      "mode": "managed",
      "type": "google_storage_bucket",
      "name": "staging_bucket",
      "provider": "provider[\"registry.terraform.io/hashicorp/google\"]",
      "instances": [
        {
          "schema_version": 0,
          "attributes": {
            "bucket_policy_only": false,
            "cors": [],
            "default_event_based_hold": false,
            "encryption": [],
            "force_destroy": true,
            "id": "db-staging-bucket-pf",
            "labels": null,
            "lifecycle_rule": [],
            "location": "US-CENTRAL1",
            "logging": [],
            "name": "db-staging-bucket-pf",
            "project": "gcp-terraform-pf",
            "requester_pays": false,
            "retention_policy": [],
            "self_link": "https://www.googleapis.com/storage/v1/b/db-staging-bucket-pf",
            "storage_class": "STANDARD",
            "uniform_bucket_level_access": false,
            "url": "gs://db-staging-bucket-pf",
            "versioning": [],
            "website": []
          },
          "sensitive_attributes": [],
          "private": "bnVsbA=="
        }
      ]
    },
    {
      "module": "module.staging-bucket",
      "mode": "managed",
      "type": "google_storage_bucket_iam_member",
      "name": "bucket_creator",
      "provider": "provider[\"registry.terraform.io/hashicorp/google\"]",
      "instances": [
        {
          "schema_version": 0,
          "attributes": {
            "bucket": "b/db-staging-bucket-pf",
            "condition": [],
            "etag": "CAI=",
            "id": "b/db-staging-bucket-pf/roles/storage.objectAdmin/serviceAccount:airflow-pf@gcp-terraform-pf.iam.gserviceaccount.com",
            "member": "serviceAccount:airflow-pf@gcp-terraform-pf.iam.gserviceaccount.com",
            "role": "roles/storage.objectAdmin"
          },
          "sensitive_attributes": [],
          "private": "bnVsbA==",
          "dependencies": [
            "module.staging-bucket.google_storage_bucket.staging_bucket"
          ]
        }
      ]
    },
    {
      "module": "module.storage",
      "mode": "managed",
      "type": "google_storage_bucket",
      "name": "your_bucket",
      "provider": "provider[\"registry.terraform.io/hashicorp/google\"]",
      "instances": [
        {
          "schema_version": 0,
          "attributes": {
            "bucket_policy_only": false,
            "cors": [],
            "default_event_based_hold": false,
            "encryption": [],
            "force_destroy": true,
            "id": "de-bucket-terraform-pf",
            "labels": {},
            "lifecycle_rule": [],
            "location": "US-CENTRAL1",
            "logging": [],
            "name": "de-bucket-terraform-pf",
            "project": "gcp-terraform-pf",
            "requester_pays": false,
            "retention_policy": [],
            "self_link": "https://www.googleapis.com/storage/v1/b/de-bucket-terraform-pf",
            "storage_class": "standard",
            "uniform_bucket_level_access": false,
            "url": "gs://de-bucket-terraform-pf",
            "versioning": [],
            "website": []
          },
          "sensitive_attributes": [],
          "private": "bnVsbA=="
        }
      ]
    },
    {
      "module": "module.storage",
      "mode": "managed",
      "type": "google_storage_bucket_iam_member",
      "name": "bucket_creator",
      "provider": "provider[\"registry.terraform.io/hashicorp/google\"]",
      "instances": [
        {
          "schema_version": 0,
          "attributes": {
            "bucket": "b/de-bucket-terraform-pf",
            "condition": [],
            "etag": "CAI=",
            "id": "b/de-bucket-terraform-pf/roles/storage.objectAdmin/serviceAccount:airflow-pf@gcp-terraform-pf.iam.gserviceaccount.com",
            "member": "serviceAccount:airflow-pf@gcp-terraform-pf.iam.gserviceaccount.com",
            "role": "roles/storage.objectAdmin"
          },
          "sensitive_attributes": [],
          "private": "bnVsbA==",
          "dependencies": [
            "module.storage.google_storage_bucket.your_bucket"
          ]
        }
      ]
    },
    {
      "module": "module.vpc",
      "mode": "managed",
      "type": "google_compute_network",
      "name": "main-vpc",
      "provider": "provider[\"registry.terraform.io/hashicorp/google\"]",
      "instances": [
        {
          "schema_version": 0,
          "attributes": {
            "auto_create_subnetworks": false,
            "delete_default_routes_on_create": false,
            "description": "",
            "gateway_ipv4": "",
            "id": "projects/gcp-terraform-pf/global/networks/gcp-terraform-pf-vpc",
            "mtu": 0,
            "name": "gcp-terraform-pf-vpc",
            "project": "gcp-terraform-pf",
            "routing_mode": "REGIONAL",
            "self_link": "https://www.googleapis.com/compute/v1/projects/gcp-terraform-pf/global/networks/gcp-terraform-pf-vpc",
            "timeouts": null
          },
          "sensitive_attributes": [],
          "private": "eyJlMmJmYjczMC1lY2FhLTExZTYtOGY4OC0zNDM2M2JjN2M0YzAiOnsiY3JlYXRlIjoyNDAwMDAwMDAwMDAsImRlbGV0ZSI6MjQwMDAwMDAwMDAwLCJ1cGRhdGUiOjI0MDAwMDAwMDAwMH19"
        }
      ]
    },
    {
      "module": "module.vpc",
      "mode": "managed",
      "type": "google_compute_subnetwork",
      "name": "private_subnets",
      "provider": "provider[\"registry.terraform.io/hashicorp/google\"]",
      "instances": [
        {
          "index_key": 0,
          "schema_version": 0,
          "attributes": {
            "creation_timestamp": "2021-11-11T13:25:27.311-08:00",
            "description": "",
            "fingerprint": null,
            "gateway_address": "10.0.1.1",
            "id": "projects/gcp-terraform-pf/regions/us-central1/subnetworks/private-0-private-subnet",
            "ip_cidr_range": "10.0.1.0/24",
            "log_config": [],
            "name": "private-0-private-subnet",
            "network": "https://www.googleapis.com/compute/v1/projects/gcp-terraform-pf/global/networks/gcp-terraform-pf-vpc",
            "private_ip_google_access": false,
            "private_ipv6_google_access": "DISABLE_GOOGLE_ACCESS",
            "project": "gcp-terraform-pf",
            "region": "us-central1",
            "secondary_ip_range": [],
            "self_link": "https://www.googleapis.com/compute/v1/projects/gcp-terraform-pf/regions/us-central1/subnetworks/private-0-private-subnet",
            "timeouts": null
          },
          "sensitive_attributes": [],
          "private": "eyJlMmJmYjczMC1lY2FhLTExZTYtOGY4OC0zNDM2M2JjN2M0YzAiOnsiY3JlYXRlIjozNjAwMDAwMDAwMDAsImRlbGV0ZSI6MzYwMDAwMDAwMDAwLCJ1cGRhdGUiOjM2MDAwMDAwMDAwMH19",
          "dependencies": [
            "module.vpc.google_compute_network.main-vpc"
          ]
        },
        {
          "index_key": 1,
          "schema_version": 0,
          "attributes": {
            "creation_timestamp": "2021-11-11T13:25:28.451-08:00",
            "description": "",
            "fingerprint": null,
            "gateway_address": "10.0.2.1",
            "id": "projects/gcp-terraform-pf/regions/us-central1/subnetworks/private-1-private-subnet",
            "ip_cidr_range": "10.0.2.0/24",
            "log_config": [],
            "name": "private-1-private-subnet",
            "network": "https://www.googleapis.com/compute/v1/projects/gcp-terraform-pf/global/networks/gcp-terraform-pf-vpc",
            "private_ip_google_access": false,
            "private_ipv6_google_access": "DISABLE_GOOGLE_ACCESS",
            "project": "gcp-terraform-pf",
            "region": "us-central1",
            "secondary_ip_range": [],
            "self_link": "https://www.googleapis.com/compute/v1/projects/gcp-terraform-pf/regions/us-central1/subnetworks/private-1-private-subnet",
            "timeouts": null
          },
          "sensitive_attributes": [],
          "private": "eyJlMmJmYjczMC1lY2FhLTExZTYtOGY4OC0zNDM2M2JjN2M0YzAiOnsiY3JlYXRlIjozNjAwMDAwMDAwMDAsImRlbGV0ZSI6MzYwMDAwMDAwMDAwLCJ1cGRhdGUiOjM2MDAwMDAwMDAwMH19",
          "dependencies": [
            "module.vpc.google_compute_network.main-vpc"
          ]
        },
        {
          "index_key": 2,
          "schema_version": 0,
          "attributes": {
            "creation_timestamp": "2021-11-11T13:25:28.008-08:00",
            "description": "",
            "fingerprint": null,
            "gateway_address": "10.0.3.1",
            "id": "projects/gcp-terraform-pf/regions/us-central1/subnetworks/private-2-private-subnet",
            "ip_cidr_range": "10.0.3.0/24",
            "log_config": [],
            "name": "private-2-private-subnet",
            "network": "https://www.googleapis.com/compute/v1/projects/gcp-terraform-pf/global/networks/gcp-terraform-pf-vpc",
            "private_ip_google_access": false,
            "private_ipv6_google_access": "DISABLE_GOOGLE_ACCESS",
            "project": "gcp-terraform-pf",
            "region": "us-central1",
            "secondary_ip_range": [],
            "self_link": "https://www.googleapis.com/compute/v1/projects/gcp-terraform-pf/regions/us-central1/subnetworks/private-2-private-subnet",
            "timeouts": null
          },
          "sensitive_attributes": [],
          "private": "eyJlMmJmYjczMC1lY2FhLTExZTYtOGY4OC0zNDM2M2JjN2M0YzAiOnsiY3JlYXRlIjozNjAwMDAwMDAwMDAsImRlbGV0ZSI6MzYwMDAwMDAwMDAwLCJ1cGRhdGUiOjM2MDAwMDAwMDAwMH19",
          "dependencies": [
            "module.vpc.google_compute_network.main-vpc"
          ]
        }
      ]
    },
    {
      "module": "module.vpc",
      "mode": "managed",
      "type": "google_compute_subnetwork",
      "name": "public_subnets",
      "provider": "provider[\"registry.terraform.io/hashicorp/google\"]",
      "instances": [
        {
          "index_key": 0,
          "schema_version": 0,
          "attributes": {
            "creation_timestamp": "2021-11-11T13:25:28.007-08:00",
            "description": "",
            "fingerprint": null,
            "gateway_address": "10.0.4.1",
            "id": "projects/gcp-terraform-pf/regions/us-central1/subnetworks/public-0-public-subnet",
            "ip_cidr_range": "10.0.4.0/24",
            "log_config": [],
            "name": "public-0-public-subnet",
            "network": "https://www.googleapis.com/compute/v1/projects/gcp-terraform-pf/global/networks/gcp-terraform-pf-vpc",
            "private_ip_google_access": false,
            "private_ipv6_google_access": "DISABLE_GOOGLE_ACCESS",
            "project": "gcp-terraform-pf",
            "region": "us-central1",
            "secondary_ip_range": [],
            "self_link": "https://www.googleapis.com/compute/v1/projects/gcp-terraform-pf/regions/us-central1/subnetworks/public-0-public-subnet",
            "timeouts": null
          },
          "sensitive_attributes": [],
          "private": "eyJlMmJmYjczMC1lY2FhLTExZTYtOGY4OC0zNDM2M2JjN2M0YzAiOnsiY3JlYXRlIjozNjAwMDAwMDAwMDAsImRlbGV0ZSI6MzYwMDAwMDAwMDAwLCJ1cGRhdGUiOjM2MDAwMDAwMDAwMH19",
          "dependencies": [
            "module.vpc.google_compute_network.main-vpc"
          ]
        },
        {
          "index_key": 1,
          "schema_version": 0,
          "attributes": {
            "creation_timestamp": "2021-11-11T13:25:27.022-08:00",
            "description": "",
            "fingerprint": null,
            "gateway_address": "10.0.5.1",
            "id": "projects/gcp-terraform-pf/regions/us-central1/subnetworks/public-1-public-subnet",
            "ip_cidr_range": "10.0.5.0/24",
            "log_config": [],
            "name": "public-1-public-subnet",
            "network": "https://www.googleapis.com/compute/v1/projects/gcp-terraform-pf/global/networks/gcp-terraform-pf-vpc",
            "private_ip_google_access": false,
            "private_ipv6_google_access": "DISABLE_GOOGLE_ACCESS",
            "project": "gcp-terraform-pf",
            "region": "us-central1",
            "secondary_ip_range": [],
            "self_link": "https://www.googleapis.com/compute/v1/projects/gcp-terraform-pf/regions/us-central1/subnetworks/public-1-public-subnet",
            "timeouts": null
          },
          "sensitive_attributes": [],
          "private": "eyJlMmJmYjczMC1lY2FhLTExZTYtOGY4OC0zNDM2M2JjN2M0YzAiOnsiY3JlYXRlIjozNjAwMDAwMDAwMDAsImRlbGV0ZSI6MzYwMDAwMDAwMDAwLCJ1cGRhdGUiOjM2MDAwMDAwMDAwMH19",
          "dependencies": [
            "module.vpc.google_compute_network.main-vpc"
          ]
        },
        {
          "index_key": 2,
          "schema_version": 0,
          "attributes": {
            "creation_timestamp": "2021-11-11T13:25:27.239-08:00",
            "description": "",
            "fingerprint": null,
            "gateway_address": "10.0.6.1",
            "id": "projects/gcp-terraform-pf/regions/us-central1/subnetworks/public-2-public-subnet",
            "ip_cidr_range": "10.0.6.0/24",
            "log_config": [],
            "name": "public-2-public-subnet",
            "network": "https://www.googleapis.com/compute/v1/projects/gcp-terraform-pf/global/networks/gcp-terraform-pf-vpc",
            "private_ip_google_access": false,
            "private_ipv6_google_access": "DISABLE_GOOGLE_ACCESS",
            "project": "gcp-terraform-pf",
            "region": "us-central1",
            "secondary_ip_range": [],
            "self_link": "https://www.googleapis.com/compute/v1/projects/gcp-terraform-pf/regions/us-central1/subnetworks/public-2-public-subnet",
            "timeouts": null
          },
          "sensitive_attributes": [],
          "private": "eyJlMmJmYjczMC1lY2FhLTExZTYtOGY4OC0zNDM2M2JjN2M0YzAiOnsiY3JlYXRlIjozNjAwMDAwMDAwMDAsImRlbGV0ZSI6MzYwMDAwMDAwMDAwLCJ1cGRhdGUiOjM2MDAwMDAwMDAwMH19",
          "dependencies": [
            "module.vpc.google_compute_network.main-vpc"
          ]
        }
      ]
    }
  ]
}
